
Microsoft Visual Studio Solution File, Format Version 12.00
# Visual Studio Version 16
VisualStudioVersion = 16.0.29230.47
MinimumVisualStudioVersion = 10.0.40219.1
Project("{FAE04EC0-301F-11D3-BF4B-00C04F79EFBC}") = "InClass-TimeComplexity-CSharp", "InClass-TimeComplexity-CSharp.csproj", "{0ABDED7B-DD04-45C0-8D92-C2C5F1EC958D}"
EndProject
Global
	GlobalSection(SolutionConfigurationPlatforms) = preSolution
		Debug|Any CPU = Debug|Any CPU
		Release|Any CPU = Release|Any CPU
	EndGlobalSection
	GlobalSection(ProjectConfigurationPlatforms) = postSolution
		{0ABDED7B-DD04-45C0-8D92-C2C5F1EC958D}.Debug|Any CPU.ActiveCfg = Debug|Any CPU
		{0ABDED7B-DD04-45C0-8D92-C2C5F1EC958D}.Debug|Any CPU.Build.0 = Debug|Any CPU
		{0ABDED7B-DD04-45C0-8D92-C2C5F1EC958D}.Release|Any CPU.ActiveCfg = Release|Any CPU
		{0ABDED7B-DD04-45C0-8D92-C2C5F1EC958D}.Release|Any CPU.Build.0 = Release|Any CPU
	EndGlobalSection
	GlobalSection(SolutionProperties) = preSolution
		HideSolutionNode = FALSE
	EndGlobalSection
	GlobalSection(ExtensibilityGlobals) = postSolution
		SolutionGuid = {17EDC1CB-508E-42D5-9002-84A8BBBCA53D}
	EndGlobalSection
EndGlobal
